Microsoft Visual Studio Solution File, Format Version 11.00
# Visual Studio 2008

Project("{7940C419-E923-AF0B-E79C-B85A42F8649D}") = "simple1", "Assembly-CSharp.csproj", "{336CAF24-39D7-4FC3-666A-375C7CA704D3}"
EndProject
Project("{7940C419-E923-AF0B-E79C-B85A42F8649D}") = "simple1", "Assembly-UnityScript.unityproj", "{A649090A-7D24-774D-51F2-0E6B290590B0}"
EndProject
Global
	GlobalSection(SolutionConfigurationPlatforms) = preSolution
		Debug|Any CPU = Debug|Any CPU
		Release|Any CPU = Release|Any CPU
	EndGlobalSection
	GlobalSection(ProjectConfigurationPlatforms) = postSolution
		{336CAF24-39D7-4FC3-666A-375C7CA704D3}.Debug|Any CPU.ActiveCfg = Debug|Any CPU
		{336CAF24-39D7-4FC3-666A-375C7CA704D3}.Debug|Any CPU.Build.0 = Debug|Any CPU
		{336CAF24-39D7-4FC3-666A-375C7CA704D3}.Release|Any CPU.ActiveCfg = Release|Any CPU
		{336CAF24-39D7-4FC3-666A-375C7CA704D3}.Release|Any CPU.Build.0 = Release|Any CPU
		{A649090A-7D24-774D-51F2-0E6B290590B0}.Debug|Any CPU.ActiveCfg = Debug|Any CPU
		{A649090A-7D24-774D-51F2-0E6B290590B0}.Debug|Any CPU.Build.0 = Debug|Any CPU
		{A649090A-7D24-774D-51F2-0E6B290590B0}.Release|Any CPU.ActiveCfg = Release|Any CPU
		{A649090A-7D24-774D-51F2-0E6B290590B0}.Release|Any CPU.Build.0 = Release|Any CPU
	EndGlobalSection
	GlobalSection(SolutionProperties) = preSolution
		HideSolutionNode = FALSE
	EndGlobalSection
	
EndGlobal
